
Microsoft Visual Studio Solution File, Format Version 12.00
# Visual Studio 15
VisualStudioVersion = 15.0.26730.16
MinimumVisualStudioVersion = 10.0.40219.1
Project("{FAE04EC0-301F-11D3-BF4B-00C04F79EFBC}") = "PropertiesProg", "PropertiesProg\PropertiesProg.csproj", "{7E1A14DB-CD55-4C4B-BC33-3759D617D9E0}"
EndProject
Global
	GlobalSection(SolutionConfigurationPlatforms) = preSolution
		Debug|Any CPU = Debug|Any CPU
		Release|Any CPU = Release|Any CPU
	EndGlobalSection
	GlobalSection(ProjectConfigurationPlatforms) = postSolution
		{7E1A14DB-CD55-4C4B-BC33-3759D617D9E0}.Debug|Any CPU.ActiveCfg = Debug|Any CPU
		{7E1A14DB-CD55-4C4B-BC33-3759D617D9E0}.Debug|Any CPU.Build.0 = Debug|Any CPU
		{7E1A14DB-CD55-4C4B-BC33-3759D617D9E0}.Release|Any CPU.ActiveCfg = Release|Any CPU
		{7E1A14DB-CD55-4C4B-BC33-3759D617D9E0}.Release|Any CPU.Build.0 = Release|Any CPU
	EndGlobalSection
	GlobalSection(SolutionProperties) = preSolution
		HideSolutionNode = FALSE
	EndGlobalSection
	GlobalSection(ExtensibilityGlobals) = postSolution
		SolutionGuid = {A97894FF-1DF4-4DF4-94BC-77E3164332AA}
	EndGlobalSection
EndGlobal
