
Microsoft Visual Studio Solution File, Format Version 12.00
# Visual Studio 15
VisualStudioVersion = 15.0.26730.16
MinimumVisualStudioVersion = 10.0.40219.1
Project("{FAE04EC0-301F-11D3-BF4B-00C04F79EFBC}") = "decstructor", "decstructor\decstructor.csproj", "{EC9E5A17-A580-4374-8054-2BFCAAB1BEF1}"
EndProject
Global
	GlobalSection(SolutionConfigurationPlatforms) = preSolution
		Debug|Any CPU = Debug|Any CPU
		Release|Any CPU = Release|Any CPU
	EndGlobalSection
	GlobalSection(ProjectConfigurationPlatforms) = postSolution
		{EC9E5A17-A580-4374-8054-2BFCAAB1BEF1}.Debug|Any CPU.ActiveCfg = Debug|Any CPU
		{EC9E5A17-A580-4374-8054-2BFCAAB1BEF1}.Debug|Any CPU.Build.0 = Debug|Any CPU
		{EC9E5A17-A580-4374-8054-2BFCAAB1BEF1}.Release|Any CPU.ActiveCfg = Release|Any CPU
		{EC9E5A17-A580-4374-8054-2BFCAAB1BEF1}.Release|Any CPU.Build.0 = Release|Any CPU
	EndGlobalSection
	GlobalSection(SolutionProperties) = preSolution
		HideSolutionNode = FALSE
	EndGlobalSection
	GlobalSection(ExtensibilityGlobals) = postSolution
		SolutionGuid = {9DBEBD38-BA35-4B50-90FD-373B8D732446}
	EndGlobalSection
EndGlobal
