
Microsoft Visual Studio Solution File, Format Version 12.00
# Visual Studio 15
VisualStudioVersion = 15.0.26730.16
MinimumVisualStudioVersion = 10.0.40219.1
Project("{FAE04EC0-301F-11D3-BF4B-00C04F79EFBC}") = "SimpleProject1", "SimpleProject1\SimpleProject1.csproj", "{B8174674-F5A5-4927-A54B-D6E60F2B90A8}"
EndProject
Global
	GlobalSection(SolutionConfigurationPlatforms) = preSolution
		Debug|Any CPU = Debug|Any CPU
		Release|Any CPU = Release|Any CPU
	EndGlobalSection
	GlobalSection(ProjectConfigurationPlatforms) = postSolution
		{B8174674-F5A5-4927-A54B-D6E60F2B90A8}.Debug|Any CPU.ActiveCfg = Debug|Any CPU
		{B8174674-F5A5-4927-A54B-D6E60F2B90A8}.Debug|Any CPU.Build.0 = Debug|Any CPU
		{B8174674-F5A5-4927-A54B-D6E60F2B90A8}.Release|Any CPU.ActiveCfg = Release|Any CPU
		{B8174674-F5A5-4927-A54B-D6E60F2B90A8}.Release|Any CPU.Build.0 = Release|Any CPU
	EndGlobalSection
	GlobalSection(SolutionProperties) = preSolution
		HideSolutionNode = FALSE
	EndGlobalSection
	GlobalSection(ExtensibilityGlobals) = postSolution
		SolutionGuid = {C4A83FC5-8F51-488A-9D12-3CDB0A29331B}
	EndGlobalSection
EndGlobal
