
Microsoft Visual Studio Solution File, Format Version 12.00
# Visual Studio 15
VisualStudioVersion = 15.0.26730.16
MinimumVisualStudioVersion = 10.0.40219.1
Project("{FAE04EC0-301F-11D3-BF4B-00C04F79EFBC}") = "Loops", "Loops\Loops.csproj", "{21FEA15C-6FEB-4C77-BFCC-8BEAC6DD2106}"
EndProject
Global
	GlobalSection(SolutionConfigurationPlatforms) = preSolution
		Debug|Any CPU = Debug|Any CPU
		Release|Any CPU = Release|Any CPU
	EndGlobalSection
	GlobalSection(ProjectConfigurationPlatforms) = postSolution
		{21FEA15C-6FEB-4C77-BFCC-8BEAC6DD2106}.Debug|Any CPU.ActiveCfg = Debug|Any CPU
		{21FEA15C-6FEB-4C77-BFCC-8BEAC6DD2106}.Debug|Any CPU.Build.0 = Debug|Any CPU
		{21FEA15C-6FEB-4C77-BFCC-8BEAC6DD2106}.Release|Any CPU.ActiveCfg = Release|Any CPU
		{21FEA15C-6FEB-4C77-BFCC-8BEAC6DD2106}.Release|Any CPU.Build.0 = Release|Any CPU
	EndGlobalSection
	GlobalSection(SolutionProperties) = preSolution
		HideSolutionNode = FALSE
	EndGlobalSection
	GlobalSection(ExtensibilityGlobals) = postSolution
		SolutionGuid = {E87BD1CE-C0A2-4638-A30D-86C95E6CE6DE}
	EndGlobalSection
EndGlobal
