
Microsoft Visual Studio Solution File, Format Version 12.00
# Visual Studio 15
VisualStudioVersion = 15.0.26730.16
MinimumVisualStudioVersion = 10.0.40219.1
Project("{FAE04EC0-301F-11D3-BF4B-00C04F79EFBC}") = "ThreadPriority", "ThreadPriority\ThreadPriority.csproj", "{44611E2F-943A-4D6C-A6B8-817C199FBE7E}"
EndProject
Global
	GlobalSection(SolutionConfigurationPlatforms) = preSolution
		Debug|Any CPU = Debug|Any CPU
		Release|Any CPU = Release|Any CPU
	EndGlobalSection
	GlobalSection(ProjectConfigurationPlatforms) = postSolution
		{44611E2F-943A-4D6C-A6B8-817C199FBE7E}.Debug|Any CPU.ActiveCfg = Debug|Any CPU
		{44611E2F-943A-4D6C-A6B8-817C199FBE7E}.Debug|Any CPU.Build.0 = Debug|Any CPU
		{44611E2F-943A-4D6C-A6B8-817C199FBE7E}.Release|Any CPU.ActiveCfg = Release|Any CPU
		{44611E2F-943A-4D6C-A6B8-817C199FBE7E}.Release|Any CPU.Build.0 = Release|Any CPU
	EndGlobalSection
	GlobalSection(SolutionProperties) = preSolution
		HideSolutionNode = FALSE
	EndGlobalSection
	GlobalSection(ExtensibilityGlobals) = postSolution
		SolutionGuid = {0BBE2AE8-5891-4763-9D4F-7B12DF54D0BF}
	EndGlobalSection
EndGlobal
