
Microsoft Visual Studio Solution File, Format Version 12.00
# Visual Studio 15
VisualStudioVersion = 15.0.26730.16
MinimumVisualStudioVersion = 10.0.40219.1
Project("{FAE04EC0-301F-11D3-BF4B-00C04F79EFBC}") = "MultilevelInherit", "MultilevelInherit\MultilevelInherit.csproj", "{1D6B3B7D-DB4A-4369-A8F9-5061D7B6BB53}"
EndProject
Global
	GlobalSection(SolutionConfigurationPlatforms) = preSolution
		Debug|Any CPU = Debug|Any CPU
		Release|Any CPU = Release|Any CPU
	EndGlobalSection
	GlobalSection(ProjectConfigurationPlatforms) = postSolution
		{1D6B3B7D-DB4A-4369-A8F9-5061D7B6BB53}.Debug|Any CPU.ActiveCfg = Debug|Any CPU
		{1D6B3B7D-DB4A-4369-A8F9-5061D7B6BB53}.Debug|Any CPU.Build.0 = Debug|Any CPU
		{1D6B3B7D-DB4A-4369-A8F9-5061D7B6BB53}.Release|Any CPU.ActiveCfg = Release|Any CPU
		{1D6B3B7D-DB4A-4369-A8F9-5061D7B6BB53}.Release|Any CPU.Build.0 = Release|Any CPU
	EndGlobalSection
	GlobalSection(SolutionProperties) = preSolution
		HideSolutionNode = FALSE
	EndGlobalSection
	GlobalSection(ExtensibilityGlobals) = postSolution
		SolutionGuid = {1411CC5E-9257-4EAE-97E9-63B0D7EB8298}
	EndGlobalSection
EndGlobal
