
Microsoft Visual Studio Solution File, Format Version 12.00
# Visual Studio 15
VisualStudioVersion = 15.0.26730.16
MinimumVisualStudioVersion = 10.0.40219.1
Project("{FAE04EC0-301F-11D3-BF4B-00C04F79EFBC}") = "SimpleArray", "SimpleArray\SimpleArray.csproj", "{56641370-10DC-44AA-B2B8-EFC3F0A1A95E}"
EndProject
Global
	GlobalSection(SolutionConfigurationPlatforms) = preSolution
		Debug|Any CPU = Debug|Any CPU
		Release|Any CPU = Release|Any CPU
	EndGlobalSection
	GlobalSection(ProjectConfigurationPlatforms) = postSolution
		{56641370-10DC-44AA-B2B8-EFC3F0A1A95E}.Debug|Any CPU.ActiveCfg = Debug|Any CPU
		{56641370-10DC-44AA-B2B8-EFC3F0A1A95E}.Debug|Any CPU.Build.0 = Debug|Any CPU
		{56641370-10DC-44AA-B2B8-EFC3F0A1A95E}.Release|Any CPU.ActiveCfg = Release|Any CPU
		{56641370-10DC-44AA-B2B8-EFC3F0A1A95E}.Release|Any CPU.Build.0 = Release|Any CPU
	EndGlobalSection
	GlobalSection(SolutionProperties) = preSolution
		HideSolutionNode = FALSE
	EndGlobalSection
	GlobalSection(ExtensibilityGlobals) = postSolution
		SolutionGuid = {22A8F4AA-3286-48C6-B153-14DBE16198BA}
	EndGlobalSection
EndGlobal
