
Microsoft Visual Studio Solution File, Format Version 12.00
# Visual Studio 15
VisualStudioVersion = 15.0.26730.16
MinimumVisualStudioVersion = 10.0.40219.1
Project("{FAE04EC0-301F-11D3-BF4B-00C04F79EFBC}") = "WebAppDatasetDemo", "WebAppDatasetDemo\WebAppDatasetDemo.csproj", "{8B8D06DB-9C6F-429D-B0D2-58A270255CEC}"
EndProject
Global
	GlobalSection(SolutionConfigurationPlatforms) = preSolution
		Debug|Any CPU = Debug|Any CPU
		Release|Any CPU = Release|Any CPU
	EndGlobalSection
	GlobalSection(ProjectConfigurationPlatforms) = postSolution
		{8B8D06DB-9C6F-429D-B0D2-58A270255CEC}.Debug|Any CPU.ActiveCfg = Debug|Any CPU
		{8B8D06DB-9C6F-429D-B0D2-58A270255CEC}.Debug|Any CPU.Build.0 = Debug|Any CPU
		{8B8D06DB-9C6F-429D-B0D2-58A270255CEC}.Release|Any CPU.ActiveCfg = Release|Any CPU
		{8B8D06DB-9C6F-429D-B0D2-58A270255CEC}.Release|Any CPU.Build.0 = Release|Any CPU
	EndGlobalSection
	GlobalSection(SolutionProperties) = preSolution
		HideSolutionNode = FALSE
	EndGlobalSection
	GlobalSection(ExtensibilityGlobals) = postSolution
		SolutionGuid = {AC5780E1-0F43-48DF-B393-AFFA15090089}
	EndGlobalSection
EndGlobal
