
Microsoft Visual Studio Solution File, Format Version 12.00
# Visual Studio 15
VisualStudioVersion = 15.0.26730.16
MinimumVisualStudioVersion = 10.0.40219.1
Project("{FAE04EC0-301F-11D3-BF4B-00C04F79EFBC}") = "DefiningMembersinClass", "DefiningMembersinClass\DefiningMembersinClass.csproj", "{E74FEAA4-3CFB-40EE-AAB2-481025C973AB}"
EndProject
Global
	GlobalSection(SolutionConfigurationPlatforms) = preSolution
		Debug|Any CPU = Debug|Any CPU
		Release|Any CPU = Release|Any CPU
	EndGlobalSection
	GlobalSection(ProjectConfigurationPlatforms) = postSolution
		{E74FEAA4-3CFB-40EE-AAB2-481025C973AB}.Debug|Any CPU.ActiveCfg = Debug|Any CPU
		{E74FEAA4-3CFB-40EE-AAB2-481025C973AB}.Debug|Any CPU.Build.0 = Debug|Any CPU
		{E74FEAA4-3CFB-40EE-AAB2-481025C973AB}.Release|Any CPU.ActiveCfg = Release|Any CPU
		{E74FEAA4-3CFB-40EE-AAB2-481025C973AB}.Release|Any CPU.Build.0 = Release|Any CPU
	EndGlobalSection
	GlobalSection(SolutionProperties) = preSolution
		HideSolutionNode = FALSE
	EndGlobalSection
	GlobalSection(ExtensibilityGlobals) = postSolution
		SolutionGuid = {A94C723E-040C-4A6A-940F-CB6841F7D316}
	EndGlobalSection
EndGlobal
