
Microsoft Visual Studio Solution File, Format Version 12.00
# Visual Studio 15
VisualStudioVersion = 15.0.26730.16
MinimumVisualStudioVersion = 10.0.40219.1
Project("{FAE04EC0-301F-11D3-BF4B-00C04F79EFBC}") = "bsort", "bsort\bsort.csproj", "{CF396478-3142-4A1C-AB52-9E4DF27DC83D}"
EndProject
Global
	GlobalSection(SolutionConfigurationPlatforms) = preSolution
		Debug|Any CPU = Debug|Any CPU
		Release|Any CPU = Release|Any CPU
	EndGlobalSection
	GlobalSection(ProjectConfigurationPlatforms) = postSolution
		{CF396478-3142-4A1C-AB52-9E4DF27DC83D}.Debug|Any CPU.ActiveCfg = Debug|Any CPU
		{CF396478-3142-4A1C-AB52-9E4DF27DC83D}.Debug|Any CPU.Build.0 = Debug|Any CPU
		{CF396478-3142-4A1C-AB52-9E4DF27DC83D}.Release|Any CPU.ActiveCfg = Release|Any CPU
		{CF396478-3142-4A1C-AB52-9E4DF27DC83D}.Release|Any CPU.Build.0 = Release|Any CPU
	EndGlobalSection
	GlobalSection(SolutionProperties) = preSolution
		HideSolutionNode = FALSE
	EndGlobalSection
	GlobalSection(ExtensibilityGlobals) = postSolution
		SolutionGuid = {C9AF7FB6-7ED6-4EF8-B4D8-48A16EA5DEDE}
	EndGlobalSection
EndGlobal
