
Microsoft Visual Studio Solution File, Format Version 12.00
# Visual Studio 15
VisualStudioVersion = 15.0.26730.16
MinimumVisualStudioVersion = 10.0.40219.1
Project("{FAE04EC0-301F-11D3-BF4B-00C04F79EFBC}") = "Cshap_practice", "Cshap_practice\Cshap_practice.csproj", "{28DC8F3B-BD98-4D36-8BB6-B9B0A3E7CA0B}"
EndProject
Global
	GlobalSection(SolutionConfigurationPlatforms) = preSolution
		Debug|Any CPU = Debug|Any CPU
		Release|Any CPU = Release|Any CPU
	EndGlobalSection
	GlobalSection(ProjectConfigurationPlatforms) = postSolution
		{28DC8F3B-BD98-4D36-8BB6-B9B0A3E7CA0B}.Debug|Any CPU.ActiveCfg = Debug|Any CPU
		{28DC8F3B-BD98-4D36-8BB6-B9B0A3E7CA0B}.Debug|Any CPU.Build.0 = Debug|Any CPU
		{28DC8F3B-BD98-4D36-8BB6-B9B0A3E7CA0B}.Release|Any CPU.ActiveCfg = Release|Any CPU
		{28DC8F3B-BD98-4D36-8BB6-B9B0A3E7CA0B}.Release|Any CPU.Build.0 = Release|Any CPU
	EndGlobalSection
	GlobalSection(SolutionProperties) = preSolution
		HideSolutionNode = FALSE
	EndGlobalSection
	GlobalSection(ExtensibilityGlobals) = postSolution
		SolutionGuid = {F97E216E-B01E-40C3-BF8B-2291E5373131}
	EndGlobalSection
EndGlobal
