
Microsoft Visual Studio Solution File, Format Version 12.00
# Visual Studio 15
VisualStudioVersion = 15.0.26730.16
MinimumVisualStudioVersion = 10.0.40219.1
Project("{FAE04EC0-301F-11D3-BF4B-00C04F79EFBC}") = "multiple_interface", "multiple_interface\multiple_interface.csproj", "{F30592C0-CAAF-46B4-B517-3F7B27DB6379}"
EndProject
Global
	GlobalSection(SolutionConfigurationPlatforms) = preSolution
		Debug|Any CPU = Debug|Any CPU
		Release|Any CPU = Release|Any CPU
	EndGlobalSection
	GlobalSection(ProjectConfigurationPlatforms) = postSolution
		{F30592C0-CAAF-46B4-B517-3F7B27DB6379}.Debug|Any CPU.ActiveCfg = Debug|Any CPU
		{F30592C0-CAAF-46B4-B517-3F7B27DB6379}.Debug|Any CPU.Build.0 = Debug|Any CPU
		{F30592C0-CAAF-46B4-B517-3F7B27DB6379}.Release|Any CPU.ActiveCfg = Release|Any CPU
		{F30592C0-CAAF-46B4-B517-3F7B27DB6379}.Release|Any CPU.Build.0 = Release|Any CPU
	EndGlobalSection
	GlobalSection(SolutionProperties) = preSolution
		HideSolutionNode = FALSE
	EndGlobalSection
	GlobalSection(ExtensibilityGlobals) = postSolution
		SolutionGuid = {EFE213B9-4C89-4128-A296-7572D6E0EA65}
	EndGlobalSection
EndGlobal
