
Microsoft Visual Studio Solution File, Format Version 12.00
# Visual Studio 15
VisualStudioVersion = 15.0.26730.16
MinimumVisualStudioVersion = 10.0.40219.1
Project("{FAE04EC0-301F-11D3-BF4B-00C04F79EFBC}") = "GenericEx1", "GenericEx1\GenericEx1.csproj", "{65DD61B3-934A-4FF5-9D9F-DCA7A689692B}"
EndProject
Global
	GlobalSection(SolutionConfigurationPlatforms) = preSolution
		Debug|Any CPU = Debug|Any CPU
		Release|Any CPU = Release|Any CPU
	EndGlobalSection
	GlobalSection(ProjectConfigurationPlatforms) = postSolution
		{65DD61B3-934A-4FF5-9D9F-DCA7A689692B}.Debug|Any CPU.ActiveCfg = Debug|Any CPU
		{65DD61B3-934A-4FF5-9D9F-DCA7A689692B}.Debug|Any CPU.Build.0 = Debug|Any CPU
		{65DD61B3-934A-4FF5-9D9F-DCA7A689692B}.Release|Any CPU.ActiveCfg = Release|Any CPU
		{65DD61B3-934A-4FF5-9D9F-DCA7A689692B}.Release|Any CPU.Build.0 = Release|Any CPU
	EndGlobalSection
	GlobalSection(SolutionProperties) = preSolution
		HideSolutionNode = FALSE
	EndGlobalSection
	GlobalSection(ExtensibilityGlobals) = postSolution
		SolutionGuid = {D86BBA39-09DB-43DB-B2D4-F1A4C5521E78}
	EndGlobalSection
EndGlobal
